Microsoft Visual Studio Solution File, Format Version 12.00
VisualStudioVersion = 16.0.31515.178
MinimumVisualStudioVersion = 10.0.40219.1
Project("{AAAAAAAA-AAAA-AAAA-AAAA-AAAAAAAAAAAA}") = "Installer", "Installer\Installer.csproj", "{BBBBBBBB-BBBB-BBBB-BBBB-BBBBBBBBBBBB}"
EndProject
Project("{AAAAAAAA-AAAA-AAAA-AAAA-AAAAAAAAAAAA}") = "build", "build\build.csproj", "{CCCCCCCC-CCCC-CCCC-CCCC-CCCCCCCCCCCC}"
EndProject
Global
	GlobalSection(SolutionConfigurationPlatforms) = preSolution
		Debug R19|Any CPU = Debug R19|Any CPU
		Debug R20|Any CPU = Debug R20|Any CPU
		Debug R21|Any CPU = Debug R21|Any CPU
		Debug R22|Any CPU = Debug R22|Any CPU
		Release R19|Any CPU = Release R19|Any CPU
		Release R20|Any CPU = Release R20|Any CPU
		Release R21|Any CPU = Release R21|Any CPU
		Release R22|Any CPU = Release R22|Any CPU
		Installer|Any CPU = Installer|Any CPU
	EndGlobalSection
    GlobalSection(ProjectConfigurationPlatforms) = postSolution
        {BBBBBBBB-BBBB-BBBB-BBBB-BBBBBBBBBBBB}.Installer|Any CPU.ActiveCfg = Release|Any CPU
        {BBBBBBBB-BBBB-BBBB-BBBB-BBBBBBBBBBBB}.Installer|Any CPU.Build.0 = Release|Any CPU
    EndGlobalSection
EndGlobal
