Microsoft Visual Studio Solution File, Format Version 12.00
VisualStudioVersion = 16.0.31515.178
MinimumVisualStudioVersion = 10.0.40219.1
Project("{AAAAAAAA-AAAA-AAAA-AAAA-AAAAAAAAAAAA}") = "Installer", "Installer\Installer.csproj", "{BBBBBBBB-BBBB-BBBB-BBBB-BBBBBBBBBBBB}"
EndProject
Project("{AAAAAAAA-AAAA-AAAA-AAAA-AAAAAAAAAAAA}") = "Build", "Build\Build.csproj", "{CCCCCCCC-CCCC-CCCC-CCCC-CCCCCCCCCCCC}"
EndProject
Project("{2150E333-8FDC-42A3-9474-1A3956D46DE8}") = "Solution Items", "Solution Items", "{EEEEEEEE-EEEE-EEEE-EEEE-EEEEEEEEEEEE}"
	ProjectSection(SolutionItems) = preProject
		.gitignore = .gitignore
<!--#if (GitHubPipeline)
		Changelog.md = Changelog.md
#endif-->
		Readme.md = Readme.md
	EndProjectSection
EndProject
Global
	GlobalSection(SolutionConfigurationPlatforms) = preSolution
		Debug R19|Any CPU = Debug R19|Any CPU
		Debug R20|Any CPU = Debug R20|Any CPU
		Debug R21|Any CPU = Debug R21|Any CPU
		Debug R22|Any CPU = Debug R22|Any CPU
		Release R19|Any CPU = Release R19|Any CPU
		Release R20|Any CPU = Release R20|Any CPU
		Release R21|Any CPU = Release R21|Any CPU
		Release R22|Any CPU = Release R22|Any CPU
        Installer|Any CPU = Installer|Any CPU
<!--#if (Bundle)
		Release R19 Store|Any CPU = Release R19 Store|Any CPU
		Release R20 Store|Any CPU = Release R20 Store|Any CPU
		Release R21 Store|Any CPU = Release R21 Store|Any CPU
		Release R22 Store|Any CPU = Release R22 Store|Any CPU
		Installer Store|Any CPU = Installer Store|Any CPU
#endif-->
	EndGlobalSection
    GlobalSection(ProjectConfigurationPlatforms) = postSolution
        {BBBBBBBB-BBBB-BBBB-BBBB-BBBBBBBBBBBB}.Installer|Any CPU.ActiveCfg = Release|Any CPU
        {BBBBBBBB-BBBB-BBBB-BBBB-BBBBBBBBBBBB}.Installer|Any CPU.Build.0 = Release|Any CPU
<!--#if (Bundle)
        {BBBBBBBB-BBBB-BBBB-BBBB-BBBBBBBBBBBB}.Installer Store|Any CPU.ActiveCfg = Release Store|Any CPU
        {BBBBBBBB-BBBB-BBBB-BBBB-BBBBBBBBBBBB}.Installer Store|Any CPU.Build.0 = Release Store|Any CPU
#endif-->
    EndGlobalSection
EndGlobal
