<Solution>
    <Folder Name="/Solution Items/">
        <File Path=".gitignore" />
        <File Path="build/appsettings.json" />
        <File Path="Changelog.md" />
        <File Path="Readme.md" />
    </Folder>
    <Folder Name="/Automation/">
        <Project Path="build/Build.csproj" />
    </Folder>
    <Project Path="source/Nice3point.Revit.Templates/Nice3point.Revit.Templates.csproj" />
    <Project Path="source/Nice3point.Revit.Sdk/Nice3point.Revit.Sdk.csproj" />
</Solution>