Microsoft Visual Studio Solution File, Format Version 12.00
# Visual Studio Version 17
VisualStudioVersion = 17.0.31521.260
MinimumVisualStudioVersion = 10.0.40219.1
Project("{DC6D3A3E-EB5D-4BAD-B47B-17B0A6593D49}") = "RevitTemplates", "RevitTemplates.csproj", "{60315C2E-AD1E-45C3-BA42-673DF50DDAD8}"
EndProject
Project("{2150E333-8FDC-42A3-9474-1A3956D46DE8}") = "Solution Items", "Solution Items", "{54D6B6B5-F661-4B55-B787-46BE8CC5C6A3}"
ProjectSection(SolutionItems) = preProject
	Readme.md = Readme.md
	.gitignore = .gitignore
EndProjectSection
EndProject
Global
	GlobalSection(SolutionConfigurationPlatforms) = preSolution
		Release|Any CPU = Release|Any CPU
	EndGlobalSection
	GlobalSection(ProjectConfigurationPlatforms) = postSolution
		{60315C2E-AD1E-45C3-BA42-673DF50DDAD8}.Release|Any CPU.ActiveCfg = Release|Any CPU
		{60315C2E-AD1E-45C3-BA42-673DF50DDAD8}.Release|Any CPU.Build.0 = Release|Any CPU
	EndGlobalSection
	GlobalSection(RiderSharedRunConfigurations) = postSolution
		File = Templates\Nice3point.Revit.Solution\.run\Nuke.run.xml
		File = Templates\Nice3point.Revit.Solution\.run\Nuke Plan.run.xml
		File = Templates\Nice3point.Revit.Solution\.run\Nuke Clean.run.xml
	EndGlobalSection
EndGlobal
