<Solution>
    <Folder Name="/Solution Items/">
        <File Path=".gitignore"/>
        <File Path="Build/Build.Configuration.cs"/>
        <File Path="Changelog.md"/>
        <File Path="Readme.md"/>
    </Folder>
    <Project Path="build/Build.csproj">
        <Build Project="false"/>
    </Project>
    <Project Path="source/RevitTemplates.csproj"/>
</Solution>
