
Microsoft Visual Studio Solution File, Format Version 12.00
# Visual Studio Version 17
VisualStudioVersion = 17.0.31521.260
MinimumVisualStudioVersion = 10.0.40219.1
Project("{AAAAAAAA-AAAA-AAAA-AAAA-AAAAAAAAAAAA}") = "Nice3point.FrameworkAddIn", "Nice3point.FrameworkAddIn\Nice3point.FrameworkAddIn.csproj", "{AAAAAAAA-AAAA-AAAA-AAAA-AAAAAAAAAAAA}"
EndProject
Project("{BBBBBBBB-BBBB-BBBB-BBBB-BBBBBBBBBBBB}") = "Nice3point.FrameworkInstaller", "Nice3point.FrameworkInstaller\Nice3point.FrameworkInstaller.csproj", "{BBBBBBBB-BBBB-BBBB-BBBB-BBBBBBBBBBBB}"
EndProject
Project("{CCCCCCCC-CCCC-CCCC-CCCC-CCCCCCCCCCCC}") = "Nice3point.CoreBuilder", "Nice3point.CoreBuilder\Nice3point.CoreBuilder.csproj", "{CCCCCCCC-CCCC-CCCC-CCCC-CCCCCCCCCCCC}"
EndProject
Global
	GlobalSection(SolutionConfigurationPlatforms) = preSolution
		Debug R19|Any CPU = Debug R19|Any CPU
		Debug R20|Any CPU = Debug R20|Any CPU
		Debug R21|Any CPU = Debug R21|Any CPU
		Debug R22|Any CPU = Debug R22|Any CPU
		Release R19|Any CPU = Release R19|Any CPU
		Release R20|Any CPU = Release R20|Any CPU
		Release R21|Any CPU = Release R21|Any CPU
		Release R22|Any CPU = Release R22|Any CPU
	EndGlobalSection
	GlobalSection(ProjectConfigurationPlatforms) = postSolution
		{AAAAAAAA-AAAA-AAAA-AAAA-AAAAAAAAAAAA}.Debug R19|Any CPU.ActiveCfg = Debug R19|Any CPU
		{AAAAAAAA-AAAA-AAAA-AAAA-AAAAAAAAAAAA}.Debug R19|Any CPU.Build.0 = Debug R19|Any CPU
		{AAAAAAAA-AAAA-AAAA-AAAA-AAAAAAAAAAAA}.Debug R20|Any CPU.ActiveCfg = Debug R20|Any CPU
		{AAAAAAAA-AAAA-AAAA-AAAA-AAAAAAAAAAAA}.Debug R20|Any CPU.Build.0 = Debug R20|Any CPU
		{AAAAAAAA-AAAA-AAAA-AAAA-AAAAAAAAAAAA}.Debug R21|Any CPU.ActiveCfg = Debug R21|Any CPU
		{AAAAAAAA-AAAA-AAAA-AAAA-AAAAAAAAAAAA}.Debug R21|Any CPU.Build.0 = Debug R21|Any CPU
		{AAAAAAAA-AAAA-AAAA-AAAA-AAAAAAAAAAAA}.Debug R22|Any CPU.ActiveCfg = Debug R22|Any CPU
		{AAAAAAAA-AAAA-AAAA-AAAA-AAAAAAAAAAAA}.Debug R22|Any CPU.Build.0 = Debug R22|Any CPU
		{AAAAAAAA-AAAA-AAAA-AAAA-AAAAAAAAAAAA}.Release R19|Any CPU.ActiveCfg = Release R19|Any CPU
		{AAAAAAAA-AAAA-AAAA-AAAA-AAAAAAAAAAAA}.Release R19|Any CPU.Build.0 = Release R19|Any CPU
        {AAAAAAAA-AAAA-AAAA-AAAA-AAAAAAAAAAAA}.Release R20|Any CPU.ActiveCfg = Release R20|Any CPU
        {AAAAAAAA-AAAA-AAAA-AAAA-AAAAAAAAAAAA}.Release R20|Any CPU.Build.0 = Release R20|Any CPU
        {AAAAAAAA-AAAA-AAAA-AAAA-AAAAAAAAAAAA}.Release R21|Any CPU.ActiveCfg = Release R21|Any CPU
        {AAAAAAAA-AAAA-AAAA-AAAA-AAAAAAAAAAAA}.Release R21|Any CPU.Build.0 = Release R21|Any CPU
        {AAAAAAAA-AAAA-AAAA-AAAA-AAAAAAAAAAAA}.Release R22|Any CPU.ActiveCfg = Release R22|Any CPU
        {AAAAAAAA-AAAA-AAAA-AAAA-AAAAAAAAAAAA}.Release R22|Any CPU.Build.0 = Release R22|Any CPU
		{BBBBBBBB-BBBB-BBBB-BBBB-BBBBBBBBBBBB}.Release R19|Any CPU.ActiveCfg = Release|Any CPU
		{BBBBBBBB-BBBB-BBBB-BBBB-BBBBBBBBBBBB}.Release R19|Any CPU.Build.0 = Release|Any CPU
		{BBBBBBBB-BBBB-BBBB-BBBB-BBBBBBBBBBBB}.Release R20|Any CPU.ActiveCfg = Release|Any CPU
		{BBBBBBBB-BBBB-BBBB-BBBB-BBBBBBBBBBBB}.Release R20|Any CPU.Build.0 = Release|Any CPU
		{BBBBBBBB-BBBB-BBBB-BBBB-BBBBBBBBBBBB}.Release R21|Any CPU.ActiveCfg = Release|Any CPU
		{BBBBBBBB-BBBB-BBBB-BBBB-BBBBBBBBBBBB}.Release R21|Any CPU.Build.0 = Release|Any CPU
	EndGlobalSection
	GlobalSection(SolutionProperties) = preSolution
		HideSolutionNode = FALSE
	EndGlobalSection
	GlobalSection(ExtensibilityGlobals) = postSolution
		SolutionGuid = {46736CB2-4E82-4155-A567-86F91F19B17C}
	EndGlobalSection
	GlobalSection(RiderSharedRunConfigurations) = postSolution
		File = Nice3point.FrameworkAddIn\.run\Revit 2019 ENU.run.xml
		File = Nice3point.FrameworkAddIn\.run\Revit 2020 ENU.run.xml
		File = Nice3point.FrameworkAddIn\.run\Revit 2021 ENU.run.xml
		File = Nice3point.FrameworkAddIn\.run\Revit 2022 ENU.run.xml
	EndGlobalSection
EndGlobal
