
Microsoft Visual Studio Solution File, Format Version 12.00
Project("{FAE04EC0-301F-11D3-BF4B-00C04F79EFBC}") = "RevitAddIn", "RevitAddIn\RevitAddIn.csproj", "{CEBBC699-4DE4-4DD1-97F1-4A34C83D3CDF}"
EndProject
Global
	GlobalSection(SolutionConfigurationPlatforms) = preSolution
		Debug R20|Any CPU = Debug R20|Any CPU
		Debug R21|Any CPU = Debug R21|Any CPU
		Debug R22|Any CPU = Debug R22|Any CPU
		Debug R23|Any CPU = Debug R23|Any CPU
		Debug R24|Any CPU = Debug R24|Any CPU
		Debug R25|Any CPU = Debug R25|Any CPU
		Release R20|Any CPU = Release R20|Any CPU
		Release R21|Any CPU = Release R21|Any CPU
		Release R22|Any CPU = Release R22|Any CPU
		Release R23|Any CPU = Release R23|Any CPU
		Release R24|Any CPU = Release R24|Any CPU
		Release R25|Any CPU = Release R25|Any CPU
	EndGlobalSection
	GlobalSection(ProjectConfigurationPlatforms) = postSolution
		{CEBBC699-4DE4-4DD1-97F1-4A34C83D3CDF}.Debug R20|Any CPU.ActiveCfg = Debug R20|Any CPU
		{CEBBC699-4DE4-4DD1-97F1-4A34C83D3CDF}.Debug R20|Any CPU.Build.0 = Debug R20|Any CPU
		{CEBBC699-4DE4-4DD1-97F1-4A34C83D3CDF}.Debug R21|Any CPU.ActiveCfg = Debug R21|Any CPU
		{CEBBC699-4DE4-4DD1-97F1-4A34C83D3CDF}.Debug R21|Any CPU.Build.0 = Debug R21|Any CPU
		{CEBBC699-4DE4-4DD1-97F1-4A34C83D3CDF}.Debug R22|Any CPU.ActiveCfg = Debug R22|Any CPU
		{CEBBC699-4DE4-4DD1-97F1-4A34C83D3CDF}.Debug R22|Any CPU.Build.0 = Debug R22|Any CPU
		{CEBBC699-4DE4-4DD1-97F1-4A34C83D3CDF}.Debug R23|Any CPU.ActiveCfg = Debug R23|Any CPU
		{CEBBC699-4DE4-4DD1-97F1-4A34C83D3CDF}.Debug R23|Any CPU.Build.0 = Debug R23|Any CPU
		{CEBBC699-4DE4-4DD1-97F1-4A34C83D3CDF}.Debug R24|Any CPU.ActiveCfg = Debug R24|Any CPU
		{CEBBC699-4DE4-4DD1-97F1-4A34C83D3CDF}.Debug R24|Any CPU.Build.0 = Debug R24|Any CPU
		{CEBBC699-4DE4-4DD1-97F1-4A34C83D3CDF}.Debug R25|Any CPU.ActiveCfg = Debug R25|Any CPU
		{CEBBC699-4DE4-4DD1-97F1-4A34C83D3CDF}.Debug R25|Any CPU.Build.0 = Debug R25|Any CPU
		{CEBBC699-4DE4-4DD1-97F1-4A34C83D3CDF}.Release R20|Any CPU.ActiveCfg = Release R20|Any CPU
		{CEBBC699-4DE4-4DD1-97F1-4A34C83D3CDF}.Release R20|Any CPU.Build.0 = Release R20|Any CPU
		{CEBBC699-4DE4-4DD1-97F1-4A34C83D3CDF}.Release R21|Any CPU.ActiveCfg = Release R21|Any CPU
		{CEBBC699-4DE4-4DD1-97F1-4A34C83D3CDF}.Release R21|Any CPU.Build.0 = Release R21|Any CPU
		{CEBBC699-4DE4-4DD1-97F1-4A34C83D3CDF}.Release R22|Any CPU.ActiveCfg = Release R22|Any CPU
		{CEBBC699-4DE4-4DD1-97F1-4A34C83D3CDF}.Release R22|Any CPU.Build.0 = Release R22|Any CPU
		{CEBBC699-4DE4-4DD1-97F1-4A34C83D3CDF}.Release R23|Any CPU.ActiveCfg = Release R23|Any CPU
		{CEBBC699-4DE4-4DD1-97F1-4A34C83D3CDF}.Release R23|Any CPU.Build.0 = Release R23|Any CPU
		{CEBBC699-4DE4-4DD1-97F1-4A34C83D3CDF}.Release R24|Any CPU.ActiveCfg = Release R24|Any CPU
		{CEBBC699-4DE4-4DD1-97F1-4A34C83D3CDF}.Release R24|Any CPU.Build.0 = Release R24|Any CPU
		{CEBBC699-4DE4-4DD1-97F1-4A34C83D3CDF}.Release R25|Any CPU.ActiveCfg = Release R25|Any CPU
		{CEBBC699-4DE4-4DD1-97F1-4A34C83D3CDF}.Release R25|Any CPU.Build.0 = Release R25|Any CPU
	EndGlobalSection
EndGlobal
