
Microsoft Visual Studio Solution File, Format Version 12.00
Project("{2150E333-8FDC-42A3-9474-1A3956D46DE8}") = "Solution Items", "Solution Items", "{EEEEEEEE-EEEE-EEEE-EEEE-EEEEEEEEEEEE}"
	ProjectSection(SolutionItems) = preProject
		.gitignore = .gitignore
#if (isGitHubCi)
		CHANGELOG.md = CHANGELOG.md
#endif
		README.md = README.md
		build\appsettings.json = build\appsettings.json
	EndProjectSection
EndProject
Project("{2150E333-8FDC-42A3-9474-1A3956D46DE8}") = "Automation", "Automation", "{FFFFFFFF-FFFF-FFFF-FFFF-FFFFFFFFFFFF}"
EndProject
Project("{9A19103F-16F7-4668-BE54-9A1E7A4F7556}") = "Build", "build\Build.csproj", "{BBBBBBBB-BBBB-BBBB-BBBB-BBBBBBBBBBBB}"
EndProject
#if (includeInstaller)
Project("{9A19103F-16F7-4668-BE54-9A1E7A4F7556}") = "Installer", "install\Installer.csproj", "{AAAAAAAA-AAAA-AAAA-AAAA-AAAAAAAAAAAA}"
EndProject
#endif
Global
	GlobalSection(SolutionConfigurationPlatforms) = preSolution
		Debug.R23|Any CPU = Debug.R23|Any CPU
		Debug.R24|Any CPU = Debug.R24|Any CPU
		Debug.R25|Any CPU = Debug.R25|Any CPU
		Debug.R26|Any CPU = Debug.R26|Any CPU
		Debug.R27|Any CPU = Debug.R27|Any CPU
		Release.R23|Any CPU = Release.R23|Any CPU
		Release.R24|Any CPU = Release.R24|Any CPU
		Release.R25|Any CPU = Release.R25|Any CPU
		Release.R26|Any CPU = Release.R26|Any CPU
		Release.R27|Any CPU = Release.R27|Any CPU
	EndGlobalSection
	GlobalSection(ProjectConfigurationPlatforms) = postSolution
		{BBBBBBBB-BBBB-BBBB-BBBB-BBBBBBBBBBBB}.Debug.R23|Any CPU.ActiveCfg = Debug|Any CPU
		{BBBBBBBB-BBBB-BBBB-BBBB-BBBBBBBBBBBB}.Debug.R24|Any CPU.ActiveCfg = Debug|Any CPU
		{BBBBBBBB-BBBB-BBBB-BBBB-BBBBBBBBBBBB}.Debug.R25|Any CPU.ActiveCfg = Debug|Any CPU
		{BBBBBBBB-BBBB-BBBB-BBBB-BBBBBBBBBBBB}.Debug.R26|Any CPU.ActiveCfg = Debug|Any CPU
		{BBBBBBBB-BBBB-BBBB-BBBB-BBBBBBBBBBBB}.Debug.R27|Any CPU.ActiveCfg = Debug|Any CPU
		{BBBBBBBB-BBBB-BBBB-BBBB-BBBBBBBBBBBB}.Release.R23|Any CPU.ActiveCfg = Release|Any CPU
		{BBBBBBBB-BBBB-BBBB-BBBB-BBBBBBBBBBBB}.Release.R24|Any CPU.ActiveCfg = Release|Any CPU
		{BBBBBBBB-BBBB-BBBB-BBBB-BBBBBBBBBBBB}.Release.R25|Any CPU.ActiveCfg = Release|Any CPU
		{BBBBBBBB-BBBB-BBBB-BBBB-BBBBBBBBBBBB}.Release.R26|Any CPU.ActiveCfg = Release|Any CPU
		{BBBBBBBB-BBBB-BBBB-BBBB-BBBBBBBBBBBB}.Release.R27|Any CPU.ActiveCfg = Release|Any CPU
#if (includeInstaller)
		{AAAAAAAA-AAAA-AAAA-AAAA-AAAAAAAAAAAA}.Debug.R23|Any CPU.ActiveCfg = Debug|Any CPU
		{AAAAAAAA-AAAA-AAAA-AAAA-AAAAAAAAAAAA}.Debug.R24|Any CPU.ActiveCfg = Debug|Any CPU
		{AAAAAAAA-AAAA-AAAA-AAAA-AAAAAAAAAAAA}.Debug.R25|Any CPU.ActiveCfg = Debug|Any CPU
		{AAAAAAAA-AAAA-AAAA-AAAA-AAAAAAAAAAAA}.Debug.R26|Any CPU.ActiveCfg = Debug|Any CPU
		{AAAAAAAA-AAAA-AAAA-AAAA-AAAAAAAAAAAA}.Debug.R27|Any CPU.ActiveCfg = Debug|Any CPU
		{AAAAAAAA-AAAA-AAAA-AAAA-AAAAAAAAAAAA}.Release.R23|Any CPU.ActiveCfg = Release|Any CPU
		{AAAAAAAA-AAAA-AAAA-AAAA-AAAAAAAAAAAA}.Release.R24|Any CPU.ActiveCfg = Release|Any CPU
		{AAAAAAAA-AAAA-AAAA-AAAA-AAAAAAAAAAAA}.Release.R25|Any CPU.ActiveCfg = Release|Any CPU
		{AAAAAAAA-AAAA-AAAA-AAAA-AAAAAAAAAAAA}.Release.R26|Any CPU.ActiveCfg = Release|Any CPU
		{AAAAAAAA-AAAA-AAAA-AAAA-AAAAAAAAAAAA}.Release.R27|Any CPU.ActiveCfg = Release|Any CPU
#endif
	EndGlobalSection
	GlobalSection(NestedProjects) = preSolution
		{BBBBBBBB-BBBB-BBBB-BBBB-BBBBBBBBBBBB} = {FFFFFFFF-FFFF-FFFF-FFFF-FFFFFFFFFFFF}
#if (includeInstaller)
		{AAAAAAAA-AAAA-AAAA-AAAA-AAAAAAAAAAAA} = {FFFFFFFF-FFFF-FFFF-FFFF-FFFFFFFFFFFF}
#endif
	EndGlobalSection
EndGlobal