
Microsoft Visual Studio Solution File, Format Version 12.00
Project("{2150E333-8FDC-42A3-9474-1A3956D46DE8}") = "Solution Items", "Solution Items", "{C8C1B8A6-4218-414C-AACC-7F8F6EE16D79}"
	ProjectSection(SolutionItems) = preProject
		.gitignore = .gitignore
		Changelog.md = Changelog.md
		Readme.md = Readme.md
		Build\Build.Configuration.cs = Build\Build.Configuration.cs
	EndProjectSection
EndProject
Project("{FAE04EC0-301F-11D3-BF4B-00C04F79EFBC}") = "Build", "build\Build.csproj", "{67EDBAB7-E0A8-46E7-B7F2-3F004B0B0FA4}"
EndProject
Project("{FAE04EC0-301F-11D3-BF4B-00C04F79EFBC}") = "Installer", "install\Installer.csproj", "{AC520AB0-D2D3-403E-8B5B-8895ACBB8E89}"
EndProject
Project("{FAE04EC0-301F-11D3-BF4B-00C04F79EFBC}") = "RevitAddIn", "source\RevitAddIn\RevitAddIn.csproj", "{DDCE6DF1-727A-4C02-91FE-A8957980B2ED}"
EndProject
Project("{FAE04EC0-301F-11D3-BF4B-00C04F79EFBC}") = "ModalModule", "source\ModalModule\ModalModule.csproj", "{7670A05E-950C-4CDC-A9FE-D1D6FFE9B836}"
EndProject
Project("{FAE04EC0-301F-11D3-BF4B-00C04F79EFBC}") = "ModelessModule", "source\ModelessModule\ModelessModule.csproj", "{C0E878A2-AAEF-4E84-8B06-3EDB6E9C708A}"
EndProject
Global
	GlobalSection(SolutionConfigurationPlatforms) = preSolution
		Debug R20|Any CPU = Debug R20|Any CPU
		Debug R21|Any CPU = Debug R21|Any CPU
		Debug R22|Any CPU = Debug R22|Any CPU
		Debug R23|Any CPU = Debug R23|Any CPU
		Debug R24|Any CPU = Debug R24|Any CPU
		Debug R25|Any CPU = Debug R25|Any CPU
		Release R20|Any CPU = Release R20|Any CPU
		Release R21|Any CPU = Release R21|Any CPU
		Release R22|Any CPU = Release R22|Any CPU
		Release R23|Any CPU = Release R23|Any CPU
		Release R24|Any CPU = Release R24|Any CPU
		Release R25|Any CPU = Release R25|Any CPU
		Installer|Any CPU = Installer|Any CPU
	EndGlobalSection
	GlobalSection(ProjectConfigurationPlatforms) = postSolution
		{67EDBAB7-E0A8-46E7-B7F2-3F004B0B0FA4}.Debug R20|Any CPU.ActiveCfg = Debug|Any CPU
		{67EDBAB7-E0A8-46E7-B7F2-3F004B0B0FA4}.Debug R21|Any CPU.ActiveCfg = Debug|Any CPU
		{67EDBAB7-E0A8-46E7-B7F2-3F004B0B0FA4}.Debug R22|Any CPU.ActiveCfg = Debug|Any CPU
		{67EDBAB7-E0A8-46E7-B7F2-3F004B0B0FA4}.Debug R23|Any CPU.ActiveCfg = Debug|Any CPU
		{67EDBAB7-E0A8-46E7-B7F2-3F004B0B0FA4}.Debug R24|Any CPU.ActiveCfg = Debug|Any CPU
		{67EDBAB7-E0A8-46E7-B7F2-3F004B0B0FA4}.Debug R25|Any CPU.ActiveCfg = Debug|Any CPU
		{67EDBAB7-E0A8-46E7-B7F2-3F004B0B0FA4}.Release R20|Any CPU.ActiveCfg = Release|Any CPU
		{67EDBAB7-E0A8-46E7-B7F2-3F004B0B0FA4}.Release R21|Any CPU.ActiveCfg = Release|Any CPU
		{67EDBAB7-E0A8-46E7-B7F2-3F004B0B0FA4}.Release R22|Any CPU.ActiveCfg = Release|Any CPU
		{67EDBAB7-E0A8-46E7-B7F2-3F004B0B0FA4}.Release R23|Any CPU.ActiveCfg = Release|Any CPU
		{67EDBAB7-E0A8-46E7-B7F2-3F004B0B0FA4}.Release R24|Any CPU.ActiveCfg = Release|Any CPU
		{67EDBAB7-E0A8-46E7-B7F2-3F004B0B0FA4}.Release R25|Any CPU.ActiveCfg = Release|Any CPU
		{67EDBAB7-E0A8-46E7-B7F2-3F004B0B0FA4}.Installer|Any CPU.ActiveCfg = Release|Any CPU
		{AC520AB0-D2D3-403E-8B5B-8895ACBB8E89}.Debug R20|Any CPU.ActiveCfg = Debug|Any CPU
		{AC520AB0-D2D3-403E-8B5B-8895ACBB8E89}.Debug R21|Any CPU.ActiveCfg = Debug|Any CPU
		{AC520AB0-D2D3-403E-8B5B-8895ACBB8E89}.Debug R22|Any CPU.ActiveCfg = Debug|Any CPU
		{AC520AB0-D2D3-403E-8B5B-8895ACBB8E89}.Debug R23|Any CPU.ActiveCfg = Debug|Any CPU
		{AC520AB0-D2D3-403E-8B5B-8895ACBB8E89}.Debug R24|Any CPU.ActiveCfg = Debug|Any CPU
		{AC520AB0-D2D3-403E-8B5B-8895ACBB8E89}.Debug R25|Any CPU.ActiveCfg = Debug|Any CPU
		{AC520AB0-D2D3-403E-8B5B-8895ACBB8E89}.Release R20|Any CPU.ActiveCfg = Release|Any CPU
		{AC520AB0-D2D3-403E-8B5B-8895ACBB8E89}.Release R21|Any CPU.ActiveCfg = Release|Any CPU
		{AC520AB0-D2D3-403E-8B5B-8895ACBB8E89}.Release R22|Any CPU.ActiveCfg = Release|Any CPU
		{AC520AB0-D2D3-403E-8B5B-8895ACBB8E89}.Release R23|Any CPU.ActiveCfg = Release|Any CPU
		{AC520AB0-D2D3-403E-8B5B-8895ACBB8E89}.Release R24|Any CPU.ActiveCfg = Release|Any CPU
		{AC520AB0-D2D3-403E-8B5B-8895ACBB8E89}.Release R25|Any CPU.ActiveCfg = Release|Any CPU
		{AC520AB0-D2D3-403E-8B5B-8895ACBB8E89}.Installer|Any CPU.ActiveCfg = Release|Any CPU
		{AC520AB0-D2D3-403E-8B5B-8895ACBB8E89}.Installer|Any CPU.Build.0 = Release|Any CPU
		{7670A05E-950C-4CDC-A9FE-D1D6FFE9B836}.Debug R20|Any CPU.ActiveCfg = Debug R20|Any CPU
		{7670A05E-950C-4CDC-A9FE-D1D6FFE9B836}.Debug R20|Any CPU.Build.0 = Debug R20|Any CPU
		{7670A05E-950C-4CDC-A9FE-D1D6FFE9B836}.Debug R21|Any CPU.ActiveCfg = Debug R21|Any CPU
		{7670A05E-950C-4CDC-A9FE-D1D6FFE9B836}.Debug R21|Any CPU.Build.0 = Debug R21|Any CPU
		{7670A05E-950C-4CDC-A9FE-D1D6FFE9B836}.Debug R22|Any CPU.ActiveCfg = Debug R22|Any CPU
		{7670A05E-950C-4CDC-A9FE-D1D6FFE9B836}.Debug R22|Any CPU.Build.0 = Debug R22|Any CPU
		{7670A05E-950C-4CDC-A9FE-D1D6FFE9B836}.Debug R23|Any CPU.ActiveCfg = Debug R23|Any CPU
		{7670A05E-950C-4CDC-A9FE-D1D6FFE9B836}.Debug R23|Any CPU.Build.0 = Debug R23|Any CPU
		{7670A05E-950C-4CDC-A9FE-D1D6FFE9B836}.Debug R25|Any CPU.ActiveCfg = Debug R25|Any CPU
		{7670A05E-950C-4CDC-A9FE-D1D6FFE9B836}.Debug R25|Any CPU.Build.0 = Debug R25|Any CPU
		{7670A05E-950C-4CDC-A9FE-D1D6FFE9B836}.Debug R24|Any CPU.ActiveCfg = Debug R24|Any CPU
		{7670A05E-950C-4CDC-A9FE-D1D6FFE9B836}.Debug R24|Any CPU.Build.0 = Debug R24|Any CPU
		{7670A05E-950C-4CDC-A9FE-D1D6FFE9B836}.Installer|Any CPU.ActiveCfg = Release R25|Any CPU
		{7670A05E-950C-4CDC-A9FE-D1D6FFE9B836}.Release R20|Any CPU.ActiveCfg = Release R20|Any CPU
		{7670A05E-950C-4CDC-A9FE-D1D6FFE9B836}.Release R21|Any CPU.ActiveCfg = Release R21|Any CPU
		{7670A05E-950C-4CDC-A9FE-D1D6FFE9B836}.Release R22|Any CPU.ActiveCfg = Release R22|Any CPU
		{7670A05E-950C-4CDC-A9FE-D1D6FFE9B836}.Release R23|Any CPU.ActiveCfg = Release R23|Any CPU
		{7670A05E-950C-4CDC-A9FE-D1D6FFE9B836}.Release R24|Any CPU.ActiveCfg = Release R24|Any CPU
		{7670A05E-950C-4CDC-A9FE-D1D6FFE9B836}.Release R25|Any CPU.ActiveCfg = Release R25|Any CPU
		{7670A05E-950C-4CDC-A9FE-D1D6FFE9B836}.Release R20|Any CPU.Build.0 = Release R20|Any CPU
		{7670A05E-950C-4CDC-A9FE-D1D6FFE9B836}.Release R21|Any CPU.Build.0 = Release R21|Any CPU
		{7670A05E-950C-4CDC-A9FE-D1D6FFE9B836}.Release R22|Any CPU.Build.0 = Release R22|Any CPU
		{7670A05E-950C-4CDC-A9FE-D1D6FFE9B836}.Release R23|Any CPU.Build.0 = Release R23|Any CPU
		{7670A05E-950C-4CDC-A9FE-D1D6FFE9B836}.Release R24|Any CPU.Build.0 = Release R24|Any CPU
		{7670A05E-950C-4CDC-A9FE-D1D6FFE9B836}.Release R25|Any CPU.Build.0 = Release R25|Any CPU
		{C0E878A2-AAEF-4E84-8B06-3EDB6E9C708A}.Debug R20|Any CPU.ActiveCfg = Debug R20|Any CPU
		{C0E878A2-AAEF-4E84-8B06-3EDB6E9C708A}.Debug R20|Any CPU.Build.0 = Debug R20|Any CPU
		{C0E878A2-AAEF-4E84-8B06-3EDB6E9C708A}.Debug R21|Any CPU.ActiveCfg = Debug R21|Any CPU
		{C0E878A2-AAEF-4E84-8B06-3EDB6E9C708A}.Debug R21|Any CPU.Build.0 = Debug R21|Any CPU
		{C0E878A2-AAEF-4E84-8B06-3EDB6E9C708A}.Debug R22|Any CPU.ActiveCfg = Debug R22|Any CPU
		{C0E878A2-AAEF-4E84-8B06-3EDB6E9C708A}.Debug R22|Any CPU.Build.0 = Debug R22|Any CPU
		{C0E878A2-AAEF-4E84-8B06-3EDB6E9C708A}.Debug R23|Any CPU.ActiveCfg = Debug R23|Any CPU
		{C0E878A2-AAEF-4E84-8B06-3EDB6E9C708A}.Debug R23|Any CPU.Build.0 = Debug R23|Any CPU
		{C0E878A2-AAEF-4E84-8B06-3EDB6E9C708A}.Debug R24|Any CPU.ActiveCfg = Debug R24|Any CPU
		{C0E878A2-AAEF-4E84-8B06-3EDB6E9C708A}.Debug R24|Any CPU.Build.0 = Debug R24|Any CPU
		{C0E878A2-AAEF-4E84-8B06-3EDB6E9C708A}.Debug R25|Any CPU.ActiveCfg = Debug R25|Any CPU
		{C0E878A2-AAEF-4E84-8B06-3EDB6E9C708A}.Debug R25|Any CPU.Build.0 = Debug R25|Any CPU
		{C0E878A2-AAEF-4E84-8B06-3EDB6E9C708A}.Installer|Any CPU.ActiveCfg = Release R25|Any CPU
		{C0E878A2-AAEF-4E84-8B06-3EDB6E9C708A}.Release R20|Any CPU.ActiveCfg = Release R20|Any CPU
		{C0E878A2-AAEF-4E84-8B06-3EDB6E9C708A}.Release R21|Any CPU.ActiveCfg = Release R21|Any CPU
		{C0E878A2-AAEF-4E84-8B06-3EDB6E9C708A}.Release R22|Any CPU.ActiveCfg = Release R22|Any CPU
		{C0E878A2-AAEF-4E84-8B06-3EDB6E9C708A}.Release R23|Any CPU.ActiveCfg = Release R23|Any CPU
		{C0E878A2-AAEF-4E84-8B06-3EDB6E9C708A}.Release R24|Any CPU.ActiveCfg = Release R24|Any CPU
		{C0E878A2-AAEF-4E84-8B06-3EDB6E9C708A}.Release R25|Any CPU.ActiveCfg = Release R25|Any CPU
		{C0E878A2-AAEF-4E84-8B06-3EDB6E9C708A}.Release R20|Any CPU.Build.0 = Release R20|Any CPU
		{C0E878A2-AAEF-4E84-8B06-3EDB6E9C708A}.Release R21|Any CPU.Build.0 = Release R21|Any CPU
		{C0E878A2-AAEF-4E84-8B06-3EDB6E9C708A}.Release R22|Any CPU.Build.0 = Release R22|Any CPU
		{C0E878A2-AAEF-4E84-8B06-3EDB6E9C708A}.Release R23|Any CPU.Build.0 = Release R23|Any CPU
		{C0E878A2-AAEF-4E84-8B06-3EDB6E9C708A}.Release R24|Any CPU.Build.0 = Release R24|Any CPU
		{C0E878A2-AAEF-4E84-8B06-3EDB6E9C708A}.Release R25|Any CPU.Build.0 = Release R25|Any CPU
		{DDCE6DF1-727A-4C02-91FE-A8957980B2ED}.Debug R20|Any CPU.ActiveCfg = Debug R20|Any CPU
		{DDCE6DF1-727A-4C02-91FE-A8957980B2ED}.Debug R20|Any CPU.Build.0 = Debug R20|Any CPU
		{DDCE6DF1-727A-4C02-91FE-A8957980B2ED}.Debug R21|Any CPU.ActiveCfg = Debug R21|Any CPU
		{DDCE6DF1-727A-4C02-91FE-A8957980B2ED}.Debug R21|Any CPU.Build.0 = Debug R21|Any CPU
		{DDCE6DF1-727A-4C02-91FE-A8957980B2ED}.Debug R22|Any CPU.ActiveCfg = Debug R22|Any CPU
		{DDCE6DF1-727A-4C02-91FE-A8957980B2ED}.Debug R22|Any CPU.Build.0 = Debug R22|Any CPU
		{DDCE6DF1-727A-4C02-91FE-A8957980B2ED}.Debug R23|Any CPU.ActiveCfg = Debug R23|Any CPU
		{DDCE6DF1-727A-4C02-91FE-A8957980B2ED}.Debug R23|Any CPU.Build.0 = Debug R23|Any CPU
		{DDCE6DF1-727A-4C02-91FE-A8957980B2ED}.Debug R24|Any CPU.ActiveCfg = Debug R24|Any CPU
		{DDCE6DF1-727A-4C02-91FE-A8957980B2ED}.Debug R24|Any CPU.Build.0 = Debug R24|Any CPU
		{DDCE6DF1-727A-4C02-91FE-A8957980B2ED}.Debug R25|Any CPU.ActiveCfg = Debug R25|Any CPU
		{DDCE6DF1-727A-4C02-91FE-A8957980B2ED}.Debug R25|Any CPU.Build.0 = Debug R25|Any CPU
		{DDCE6DF1-727A-4C02-91FE-A8957980B2ED}.Installer|Any CPU.ActiveCfg = Release R25|Any CPU
		{DDCE6DF1-727A-4C02-91FE-A8957980B2ED}.Release R20|Any CPU.ActiveCfg = Release R20|Any CPU
		{DDCE6DF1-727A-4C02-91FE-A8957980B2ED}.Release R21|Any CPU.ActiveCfg = Release R21|Any CPU
		{DDCE6DF1-727A-4C02-91FE-A8957980B2ED}.Release R22|Any CPU.ActiveCfg = Release R22|Any CPU
		{DDCE6DF1-727A-4C02-91FE-A8957980B2ED}.Release R23|Any CPU.ActiveCfg = Release R23|Any CPU
		{DDCE6DF1-727A-4C02-91FE-A8957980B2ED}.Release R24|Any CPU.ActiveCfg = Release R24|Any CPU
		{DDCE6DF1-727A-4C02-91FE-A8957980B2ED}.Release R25|Any CPU.ActiveCfg = Release R25|Any CPU
		{DDCE6DF1-727A-4C02-91FE-A8957980B2ED}.Release R20|Any CPU.Build.0 = Release R20|Any CPU
		{DDCE6DF1-727A-4C02-91FE-A8957980B2ED}.Release R21|Any CPU.Build.0 = Release R21|Any CPU
		{DDCE6DF1-727A-4C02-91FE-A8957980B2ED}.Release R22|Any CPU.Build.0 = Release R22|Any CPU
		{DDCE6DF1-727A-4C02-91FE-A8957980B2ED}.Release R23|Any CPU.Build.0 = Release R23|Any CPU
		{DDCE6DF1-727A-4C02-91FE-A8957980B2ED}.Release R24|Any CPU.Build.0 = Release R24|Any CPU
		{DDCE6DF1-727A-4C02-91FE-A8957980B2ED}.Release R25|Any CPU.Build.0 = Release R25|Any CPU
	EndGlobalSection
EndGlobal
