
Microsoft Visual Studio Solution File, Format Version 12.00
Project("{FAE04EC0-301F-11D3-BF4B-00C04F79EFBC}") = "RevitAddIn", "RevitAddIn\RevitAddIn.csproj", "{C4870843-EA65-4212-A4CB-09A844ECFB2A}"
EndProject
Project("{FAE04EC0-301F-11D3-BF4B-00C04F79EFBC}") = "Module1", "Module1\Module1.csproj", "{A4C6D2C6-8D0E-44B1-80A9-7E25F3275E57}"
EndProject
Project("{FAE04EC0-301F-11D3-BF4B-00C04F79EFBC}") = "Module2", "Module2\Module2.csproj", "{3DC8F20C-578C-43CB-BAC9-FD5F9494A506}"
EndProject
Project("{FAE04EC0-301F-11D3-BF4B-00C04F79EFBC}") = "Module3", "Module3\Module3.csproj", "{534FD66B-D929-4A64-9E96-E8B579444CAE}"
EndProject
Global
	GlobalSection(SolutionConfigurationPlatforms) = preSolution
		Debug R20|Any CPU = Debug R20|Any CPU
		Debug R21|Any CPU = Debug R21|Any CPU
		Debug R22|Any CPU = Debug R22|Any CPU
		Debug R23|Any CPU = Debug R23|Any CPU
		Debug R24|Any CPU = Debug R24|Any CPU
		Debug R25|Any CPU = Debug R25|Any CPU
		Release R20|Any CPU = Release R20|Any CPU
		Release R21|Any CPU = Release R21|Any CPU
		Release R22|Any CPU = Release R22|Any CPU
		Release R23|Any CPU = Release R23|Any CPU
		Release R24|Any CPU = Release R24|Any CPU
		Release R25|Any CPU = Release R25|Any CPU
	EndGlobalSection
	GlobalSection(ProjectConfigurationPlatforms) = postSolution
		{C4870843-EA65-4212-A4CB-09A844ECFB2A}.Debug R20|Any CPU.ActiveCfg = Debug R20|Any CPU
		{C4870843-EA65-4212-A4CB-09A844ECFB2A}.Debug R20|Any CPU.Build.0 = Debug R20|Any CPU
		{C4870843-EA65-4212-A4CB-09A844ECFB2A}.Debug R21|Any CPU.ActiveCfg = Debug R21|Any CPU
		{C4870843-EA65-4212-A4CB-09A844ECFB2A}.Debug R21|Any CPU.Build.0 = Debug R21|Any CPU
		{C4870843-EA65-4212-A4CB-09A844ECFB2A}.Debug R22|Any CPU.ActiveCfg = Debug R22|Any CPU
		{C4870843-EA65-4212-A4CB-09A844ECFB2A}.Debug R22|Any CPU.Build.0 = Debug R22|Any CPU
		{C4870843-EA65-4212-A4CB-09A844ECFB2A}.Debug R23|Any CPU.ActiveCfg = Debug R23|Any CPU
		{C4870843-EA65-4212-A4CB-09A844ECFB2A}.Debug R23|Any CPU.Build.0 = Debug R23|Any CPU
		{C4870843-EA65-4212-A4CB-09A844ECFB2A}.Debug R24|Any CPU.ActiveCfg = Debug R24|Any CPU
		{C4870843-EA65-4212-A4CB-09A844ECFB2A}.Debug R24|Any CPU.Build.0 = Debug R24|Any CPU
		{C4870843-EA65-4212-A4CB-09A844ECFB2A}.Debug R25|Any CPU.ActiveCfg = Debug R25|Any CPU
		{C4870843-EA65-4212-A4CB-09A844ECFB2A}.Debug R25|Any CPU.Build.0 = Debug R25|Any CPU
		{C4870843-EA65-4212-A4CB-09A844ECFB2A}.Release R20|Any CPU.ActiveCfg = Release R20|Any CPU
		{C4870843-EA65-4212-A4CB-09A844ECFB2A}.Release R20|Any CPU.Build.0 = Release R20|Any CPU
		{C4870843-EA65-4212-A4CB-09A844ECFB2A}.Release R21|Any CPU.ActiveCfg = Release R21|Any CPU
		{C4870843-EA65-4212-A4CB-09A844ECFB2A}.Release R21|Any CPU.Build.0 = Release R21|Any CPU
		{C4870843-EA65-4212-A4CB-09A844ECFB2A}.Release R22|Any CPU.ActiveCfg = Release R22|Any CPU
		{C4870843-EA65-4212-A4CB-09A844ECFB2A}.Release R22|Any CPU.Build.0 = Release R22|Any CPU
		{C4870843-EA65-4212-A4CB-09A844ECFB2A}.Release R23|Any CPU.ActiveCfg = Release R23|Any CPU
		{C4870843-EA65-4212-A4CB-09A844ECFB2A}.Release R23|Any CPU.Build.0 = Release R23|Any CPU
		{C4870843-EA65-4212-A4CB-09A844ECFB2A}.Release R24|Any CPU.ActiveCfg = Release R24|Any CPU
		{C4870843-EA65-4212-A4CB-09A844ECFB2A}.Release R24|Any CPU.Build.0 = Release R24|Any CPU
		{C4870843-EA65-4212-A4CB-09A844ECFB2A}.Release R25|Any CPU.ActiveCfg = Release R25|Any CPU
		{C4870843-EA65-4212-A4CB-09A844ECFB2A}.Release R25|Any CPU.Build.0 = Release R25|Any CPU
		{A4C6D2C6-8D0E-44B1-80A9-7E25F3275E57}.Debug R20|Any CPU.ActiveCfg = Debug R20|Any CPU
		{A4C6D2C6-8D0E-44B1-80A9-7E25F3275E57}.Debug R20|Any CPU.Build.0 = Debug R20|Any CPU
		{A4C6D2C6-8D0E-44B1-80A9-7E25F3275E57}.Debug R21|Any CPU.ActiveCfg = Debug R21|Any CPU
		{A4C6D2C6-8D0E-44B1-80A9-7E25F3275E57}.Debug R21|Any CPU.Build.0 = Debug R21|Any CPU
		{A4C6D2C6-8D0E-44B1-80A9-7E25F3275E57}.Debug R22|Any CPU.ActiveCfg = Debug R22|Any CPU
		{A4C6D2C6-8D0E-44B1-80A9-7E25F3275E57}.Debug R22|Any CPU.Build.0 = Debug R22|Any CPU
		{A4C6D2C6-8D0E-44B1-80A9-7E25F3275E57}.Debug R23|Any CPU.ActiveCfg = Debug R23|Any CPU
		{A4C6D2C6-8D0E-44B1-80A9-7E25F3275E57}.Debug R23|Any CPU.Build.0 = Debug R23|Any CPU
		{A4C6D2C6-8D0E-44B1-80A9-7E25F3275E57}.Debug R24|Any CPU.ActiveCfg = Debug R24|Any CPU
		{A4C6D2C6-8D0E-44B1-80A9-7E25F3275E57}.Debug R24|Any CPU.Build.0 = Debug R24|Any CPU
		{A4C6D2C6-8D0E-44B1-80A9-7E25F3275E57}.Debug R25|Any CPU.ActiveCfg = Debug R25|Any CPU
		{A4C6D2C6-8D0E-44B1-80A9-7E25F3275E57}.Debug R25|Any CPU.Build.0 = Debug R25|Any CPU
		{A4C6D2C6-8D0E-44B1-80A9-7E25F3275E57}.Release R20|Any CPU.ActiveCfg = Release R20|Any CPU
		{A4C6D2C6-8D0E-44B1-80A9-7E25F3275E57}.Release R20|Any CPU.Build.0 = Release R20|Any CPU
		{A4C6D2C6-8D0E-44B1-80A9-7E25F3275E57}.Release R21|Any CPU.ActiveCfg = Release R21|Any CPU
		{A4C6D2C6-8D0E-44B1-80A9-7E25F3275E57}.Release R21|Any CPU.Build.0 = Release R21|Any CPU
		{A4C6D2C6-8D0E-44B1-80A9-7E25F3275E57}.Release R22|Any CPU.ActiveCfg = Release R22|Any CPU
		{A4C6D2C6-8D0E-44B1-80A9-7E25F3275E57}.Release R22|Any CPU.Build.0 = Release R22|Any CPU
		{A4C6D2C6-8D0E-44B1-80A9-7E25F3275E57}.Release R23|Any CPU.ActiveCfg = Release R23|Any CPU
		{A4C6D2C6-8D0E-44B1-80A9-7E25F3275E57}.Release R23|Any CPU.Build.0 = Release R23|Any CPU
		{A4C6D2C6-8D0E-44B1-80A9-7E25F3275E57}.Release R24|Any CPU.ActiveCfg = Release R24|Any CPU
		{A4C6D2C6-8D0E-44B1-80A9-7E25F3275E57}.Release R24|Any CPU.Build.0 = Release R24|Any CPU
		{A4C6D2C6-8D0E-44B1-80A9-7E25F3275E57}.Release R25|Any CPU.ActiveCfg = Release R25|Any CPU
		{A4C6D2C6-8D0E-44B1-80A9-7E25F3275E57}.Release R25|Any CPU.Build.0 = Release R25|Any CPU
		{3DC8F20C-578C-43CB-BAC9-FD5F9494A506}.Debug R20|Any CPU.ActiveCfg = Debug R20|Any CPU
		{3DC8F20C-578C-43CB-BAC9-FD5F9494A506}.Debug R20|Any CPU.Build.0 = Debug R20|Any CPU
		{3DC8F20C-578C-43CB-BAC9-FD5F9494A506}.Debug R21|Any CPU.ActiveCfg = Debug R21|Any CPU
		{3DC8F20C-578C-43CB-BAC9-FD5F9494A506}.Debug R21|Any CPU.Build.0 = Debug R21|Any CPU
		{3DC8F20C-578C-43CB-BAC9-FD5F9494A506}.Debug R22|Any CPU.ActiveCfg = Debug R22|Any CPU
		{3DC8F20C-578C-43CB-BAC9-FD5F9494A506}.Debug R22|Any CPU.Build.0 = Debug R22|Any CPU
		{3DC8F20C-578C-43CB-BAC9-FD5F9494A506}.Debug R23|Any CPU.ActiveCfg = Debug R23|Any CPU
		{3DC8F20C-578C-43CB-BAC9-FD5F9494A506}.Debug R23|Any CPU.Build.0 = Debug R23|Any CPU
		{3DC8F20C-578C-43CB-BAC9-FD5F9494A506}.Debug R24|Any CPU.ActiveCfg = Debug R24|Any CPU
		{3DC8F20C-578C-43CB-BAC9-FD5F9494A506}.Debug R24|Any CPU.Build.0 = Debug R24|Any CPU
		{3DC8F20C-578C-43CB-BAC9-FD5F9494A506}.Debug R25|Any CPU.ActiveCfg = Debug R25|Any CPU
		{3DC8F20C-578C-43CB-BAC9-FD5F9494A506}.Debug R25|Any CPU.Build.0 = Debug R25|Any CPU
		{3DC8F20C-578C-43CB-BAC9-FD5F9494A506}.Release R20|Any CPU.ActiveCfg = Release R20|Any CPU
		{3DC8F20C-578C-43CB-BAC9-FD5F9494A506}.Release R20|Any CPU.Build.0 = Release R20|Any CPU
		{3DC8F20C-578C-43CB-BAC9-FD5F9494A506}.Release R21|Any CPU.ActiveCfg = Release R21|Any CPU
		{3DC8F20C-578C-43CB-BAC9-FD5F9494A506}.Release R21|Any CPU.Build.0 = Release R21|Any CPU
		{3DC8F20C-578C-43CB-BAC9-FD5F9494A506}.Release R22|Any CPU.ActiveCfg = Release R22|Any CPU
		{3DC8F20C-578C-43CB-BAC9-FD5F9494A506}.Release R22|Any CPU.Build.0 = Release R22|Any CPU
		{3DC8F20C-578C-43CB-BAC9-FD5F9494A506}.Release R23|Any CPU.ActiveCfg = Release R23|Any CPU
		{3DC8F20C-578C-43CB-BAC9-FD5F9494A506}.Release R23|Any CPU.Build.0 = Release R23|Any CPU
		{3DC8F20C-578C-43CB-BAC9-FD5F9494A506}.Release R24|Any CPU.ActiveCfg = Release R24|Any CPU
		{3DC8F20C-578C-43CB-BAC9-FD5F9494A506}.Release R24|Any CPU.Build.0 = Release R24|Any CPU
		{3DC8F20C-578C-43CB-BAC9-FD5F9494A506}.Release R25|Any CPU.ActiveCfg = Release R25|Any CPU
		{3DC8F20C-578C-43CB-BAC9-FD5F9494A506}.Release R25|Any CPU.Build.0 = Release R25|Any CPU
		{534FD66B-D929-4A64-9E96-E8B579444CAE}.Debug R20|Any CPU.ActiveCfg = Debug R20|Any CPU
		{534FD66B-D929-4A64-9E96-E8B579444CAE}.Debug R20|Any CPU.Build.0 = Debug R20|Any CPU
		{534FD66B-D929-4A64-9E96-E8B579444CAE}.Debug R21|Any CPU.ActiveCfg = Debug R21|Any CPU
		{534FD66B-D929-4A64-9E96-E8B579444CAE}.Debug R21|Any CPU.Build.0 = Debug R21|Any CPU
		{534FD66B-D929-4A64-9E96-E8B579444CAE}.Debug R22|Any CPU.ActiveCfg = Debug R22|Any CPU
		{534FD66B-D929-4A64-9E96-E8B579444CAE}.Debug R22|Any CPU.Build.0 = Debug R22|Any CPU
		{534FD66B-D929-4A64-9E96-E8B579444CAE}.Debug R23|Any CPU.ActiveCfg = Debug R23|Any CPU
		{534FD66B-D929-4A64-9E96-E8B579444CAE}.Debug R23|Any CPU.Build.0 = Debug R23|Any CPU
		{534FD66B-D929-4A64-9E96-E8B579444CAE}.Debug R24|Any CPU.ActiveCfg = Debug R24|Any CPU
		{534FD66B-D929-4A64-9E96-E8B579444CAE}.Debug R24|Any CPU.Build.0 = Debug R24|Any CPU
		{534FD66B-D929-4A64-9E96-E8B579444CAE}.Debug R25|Any CPU.ActiveCfg = Debug R25|Any CPU
		{534FD66B-D929-4A64-9E96-E8B579444CAE}.Debug R25|Any CPU.Build.0 = Debug R25|Any CPU
		{534FD66B-D929-4A64-9E96-E8B579444CAE}.Release R20|Any CPU.ActiveCfg = Release R20|Any CPU
		{534FD66B-D929-4A64-9E96-E8B579444CAE}.Release R20|Any CPU.Build.0 = Release R20|Any CPU
		{534FD66B-D929-4A64-9E96-E8B579444CAE}.Release R21|Any CPU.ActiveCfg = Release R21|Any CPU
		{534FD66B-D929-4A64-9E96-E8B579444CAE}.Release R21|Any CPU.Build.0 = Release R21|Any CPU
		{534FD66B-D929-4A64-9E96-E8B579444CAE}.Release R22|Any CPU.ActiveCfg = Release R22|Any CPU
		{534FD66B-D929-4A64-9E96-E8B579444CAE}.Release R22|Any CPU.Build.0 = Release R22|Any CPU
		{534FD66B-D929-4A64-9E96-E8B579444CAE}.Release R23|Any CPU.ActiveCfg = Release R23|Any CPU
		{534FD66B-D929-4A64-9E96-E8B579444CAE}.Release R23|Any CPU.Build.0 = Release R23|Any CPU
		{534FD66B-D929-4A64-9E96-E8B579444CAE}.Release R24|Any CPU.ActiveCfg = Release R24|Any CPU
		{534FD66B-D929-4A64-9E96-E8B579444CAE}.Release R24|Any CPU.Build.0 = Release R24|Any CPU
		{534FD66B-D929-4A64-9E96-E8B579444CAE}.Release R25|Any CPU.ActiveCfg = Release R25|Any CPU
		{534FD66B-D929-4A64-9E96-E8B579444CAE}.Release R25|Any CPU.Build.0 = Release R25|Any CPU
	EndGlobalSection
EndGlobal
